{
  "name": "jssearch",
  "lockfileVersion": 2,
  "requires": true,
  "packages": {
    "": {
      "devDependencies": {
        "@babichjacob/svelte-localstorage-workspace-root": "github:babichjacob/svelte-localstorage"
      }
    },
    "node_modules/@babichjacob/svelte-localstorage-workspace-root": {
      "version": "0.3.0",
      "resolved": "git+ssh://git@github.com/babichjacob/svelte-localstorage.git#6e52d29f16ecc5555ccee19e23cd71f7742d3c62",
      "dev": true,
      "license": "MIT"
    }
  },
  "dependencies": {
    "@babichjacob/svelte-localstorage-workspace-root": {
      "version": "git+ssh://git@github.com/babichjacob/svelte-localstorage.git#6e52d29f16ecc5555ccee19e23cd71f7742d3c62",
      "dev": true,
      "from": "@babichjacob/svelte-localstorage-workspace-root@babichjacob/svelte-localstorage"
    }
  }
}
